
Microsoft Visual Studio Solution File, Format Version 12.00
# Visual Studio Version 16
VisualStudioVersion = 16.0.31005.135
MinimumVisualStudioVersion = 10.0.40219.1
Project("{9A19103F-16F7-4668-BE54-9A1E7A4F7556}") = "parking-assignment", "parking-assignment.csproj", "{088262A2-5E25-4754-8694-DC44FB346D36}"
EndProject
Global
	GlobalSection(SolutionConfigurationPlatforms) = preSolution
		Debug|Any CPU = Debug|Any CPU
		Release|Any CPU = Release|Any CPU
	EndGlobalSection
	GlobalSection(ProjectConfigurationPlatforms) = postSolution
		{088262A2-5E25-4754-8694-DC44FB346D36}.Debug|Any CPU.ActiveCfg = Debug|Any CPU
		{088262A2-5E25-4754-8694-DC44FB346D36}.Debug|Any CPU.Build.0 = Debug|Any CPU
		{088262A2-5E25-4754-8694-DC44FB346D36}.Release|Any CPU.ActiveCfg = Release|Any CPU
		{088262A2-5E25-4754-8694-DC44FB346D36}.Release|Any CPU.Build.0 = Release|Any CPU
	EndGlobalSection
	GlobalSection(SolutionProperties) = preSolution
		HideSolutionNode = FALSE
	EndGlobalSection
	GlobalSection(ExtensibilityGlobals) = postSolution
		SolutionGuid = {0B5F8370-82B4-413D-8F7D-FB939FA3433A}
	EndGlobalSection
EndGlobal
